
Microsoft Visual Studio Solution File, Format Version 12.00
# Visual Studio 15
VisualStudioVersion = 15.0.27703.2026
MinimumVisualStudioVersion = 10.0.40219.1
Project("{FAE04EC0-301F-11D3-BF4B-00C04F79EFBC}") = "OutExDemo1", "OutExDemo1.csproj", "{138C3D14-CAA5-4C21-B8B9-0D7BF26DEFBC}"
EndProject
Global
	GlobalSection(SolutionConfigurationPlatforms) = preSolution
		Debug|Any CPU = Debug|Any CPU
		Release|Any CPU = Release|Any CPU
	EndGlobalSection
	GlobalSection(ProjectConfigurationPlatforms) = postSolution
		{138C3D14-CAA5-4C21-B8B9-0D7BF26DEFBC}.Debug|Any CPU.ActiveCfg = Debug|Any CPU
		{138C3D14-CAA5-4C21-B8B9-0D7BF26DEFBC}.Debug|Any CPU.Build.0 = Debug|Any CPU
		{138C3D14-CAA5-4C21-B8B9-0D7BF26DEFBC}.Release|Any CPU.ActiveCfg = Release|Any CPU
		{138C3D14-CAA5-4C21-B8B9-0D7BF26DEFBC}.Release|Any CPU.Build.0 = Release|Any CPU
	EndGlobalSection
	GlobalSection(SolutionProperties) = preSolution
		HideSolutionNode = FALSE
	EndGlobalSection
	GlobalSection(ExtensibilityGlobals) = postSolution
		SolutionGuid = {0C2DFCD9-50E9-4266-A57F-5066223A8250}
	EndGlobalSection
EndGlobal
