
Microsoft Visual Studio Solution File, Format Version 12.00
# Visual Studio 15
VisualStudioVersion = 15.0.27703.2026
MinimumVisualStudioVersion = 10.0.40219.1
Project("{FAE04EC0-301F-11D3-BF4B-00C04F79EFBC}") = "Max3", "Max3.csproj", "{F30A0B61-6D7B-4628-B5A6-438E8335EFC8}"
EndProject
Global
	GlobalSection(SolutionConfigurationPlatforms) = preSolution
		Debug|Any CPU = Debug|Any CPU
		Release|Any CPU = Release|Any CPU
	EndGlobalSection
	GlobalSection(ProjectConfigurationPlatforms) = postSolution
		{F30A0B61-6D7B-4628-B5A6-438E8335EFC8}.Debug|Any CPU.ActiveCfg = Debug|Any CPU
		{F30A0B61-6D7B-4628-B5A6-438E8335EFC8}.Debug|Any CPU.Build.0 = Debug|Any CPU
		{F30A0B61-6D7B-4628-B5A6-438E8335EFC8}.Release|Any CPU.ActiveCfg = Release|Any CPU
		{F30A0B61-6D7B-4628-B5A6-438E8335EFC8}.Release|Any CPU.Build.0 = Release|Any CPU
	EndGlobalSection
	GlobalSection(SolutionProperties) = preSolution
		HideSolutionNode = FALSE
	EndGlobalSection
	GlobalSection(ExtensibilityGlobals) = postSolution
		SolutionGuid = {31DC9AA7-3DEF-40A0-BDF8-BD34B048F560}
	EndGlobalSection
EndGlobal
