
Microsoft Visual Studio Solution File, Format Version 12.00
# Visual Studio 15
VisualStudioVersion = 15.0.27703.2026
MinimumVisualStudioVersion = 10.0.40219.1
Project("{FAE04EC0-301F-11D3-BF4B-00C04F79EFBC}") = "PosNegEx", "PosNegEx.csproj", "{A07C8434-53B8-4E2D-93A9-37441096B74C}"
EndProject
Global
	GlobalSection(SolutionConfigurationPlatforms) = preSolution
		Debug|Any CPU = Debug|Any CPU
		Release|Any CPU = Release|Any CPU
	EndGlobalSection
	GlobalSection(ProjectConfigurationPlatforms) = postSolution
		{A07C8434-53B8-4E2D-93A9-37441096B74C}.Debug|Any CPU.ActiveCfg = Debug|Any CPU
		{A07C8434-53B8-4E2D-93A9-37441096B74C}.Debug|Any CPU.Build.0 = Debug|Any CPU
		{A07C8434-53B8-4E2D-93A9-37441096B74C}.Release|Any CPU.ActiveCfg = Release|Any CPU
		{A07C8434-53B8-4E2D-93A9-37441096B74C}.Release|Any CPU.Build.0 = Release|Any CPU
	EndGlobalSection
	GlobalSection(SolutionProperties) = preSolution
		HideSolutionNode = FALSE
	EndGlobalSection
	GlobalSection(ExtensibilityGlobals) = postSolution
		SolutionGuid = {E4A31029-4678-4DA4-AAFD-44A72151AB29}
	EndGlobalSection
EndGlobal
