
Microsoft Visual Studio Solution File, Format Version 12.00
# Visual Studio 15
VisualStudioVersion = 15.0.27703.2026
MinimumVisualStudioVersion = 10.0.40219.1
Project("{FAE04EC0-301F-11D3-BF4B-00C04F79EFBC}") = "Max3Demo", "Max3Demo.csproj", "{07F80445-DE43-439B-8535-2BAB9746135C}"
EndProject
Global
	GlobalSection(SolutionConfigurationPlatforms) = preSolution
		Debug|Any CPU = Debug|Any CPU
		Release|Any CPU = Release|Any CPU
	EndGlobalSection
	GlobalSection(ProjectConfigurationPlatforms) = postSolution
		{07F80445-DE43-439B-8535-2BAB9746135C}.Debug|Any CPU.ActiveCfg = Debug|Any CPU
		{07F80445-DE43-439B-8535-2BAB9746135C}.Debug|Any CPU.Build.0 = Debug|Any CPU
		{07F80445-DE43-439B-8535-2BAB9746135C}.Release|Any CPU.ActiveCfg = Release|Any CPU
		{07F80445-DE43-439B-8535-2BAB9746135C}.Release|Any CPU.Build.0 = Release|Any CPU
	EndGlobalSection
	GlobalSection(SolutionProperties) = preSolution
		HideSolutionNode = FALSE
	EndGlobalSection
	GlobalSection(ExtensibilityGlobals) = postSolution
		SolutionGuid = {243EA1EC-54C4-46D7-A9EB-7194D82F0027}
	EndGlobalSection
EndGlobal
