
Microsoft Visual Studio Solution File, Format Version 12.00
# Visual Studio 15
VisualStudioVersion = 15.0.27703.2026
MinimumVisualStudioVersion = 10.0.40219.1
Project("{FAE04EC0-301F-11D3-BF4B-00C04F79EFBC}") = "Loop1", "Loop1.csproj", "{A84A04AE-B220-4799-82CC-8028441F8CC0}"
EndProject
Global
	GlobalSection(SolutionConfigurationPlatforms) = preSolution
		Debug|Any CPU = Debug|Any CPU
		Release|Any CPU = Release|Any CPU
	EndGlobalSection
	GlobalSection(ProjectConfigurationPlatforms) = postSolution
		{A84A04AE-B220-4799-82CC-8028441F8CC0}.Debug|Any CPU.ActiveCfg = Debug|Any CPU
		{A84A04AE-B220-4799-82CC-8028441F8CC0}.Debug|Any CPU.Build.0 = Debug|Any CPU
		{A84A04AE-B220-4799-82CC-8028441F8CC0}.Release|Any CPU.ActiveCfg = Release|Any CPU
		{A84A04AE-B220-4799-82CC-8028441F8CC0}.Release|Any CPU.Build.0 = Release|Any CPU
	EndGlobalSection
	GlobalSection(SolutionProperties) = preSolution
		HideSolutionNode = FALSE
	EndGlobalSection
	GlobalSection(ExtensibilityGlobals) = postSolution
		SolutionGuid = {983706C9-707C-40BA-A1C0-15FF8C79F13E}
	EndGlobalSection
EndGlobal
