
Microsoft Visual Studio Solution File, Format Version 12.00
# Visual Studio 15
VisualStudioVersion = 15.0.27703.2026
MinimumVisualStudioVersion = 10.0.40219.1
Project("{FAE04EC0-301F-11D3-BF4B-00C04F79EFBC}") = "EvenOddEx", "EvenOddEx.csproj", "{031D9679-7835-42C7-AB2A-1BC30BEEE478}"
EndProject
Global
	GlobalSection(SolutionConfigurationPlatforms) = preSolution
		Debug|Any CPU = Debug|Any CPU
		Release|Any CPU = Release|Any CPU
	EndGlobalSection
	GlobalSection(ProjectConfigurationPlatforms) = postSolution
		{031D9679-7835-42C7-AB2A-1BC30BEEE478}.Debug|Any CPU.ActiveCfg = Debug|Any CPU
		{031D9679-7835-42C7-AB2A-1BC30BEEE478}.Debug|Any CPU.Build.0 = Debug|Any CPU
		{031D9679-7835-42C7-AB2A-1BC30BEEE478}.Release|Any CPU.ActiveCfg = Release|Any CPU
		{031D9679-7835-42C7-AB2A-1BC30BEEE478}.Release|Any CPU.Build.0 = Release|Any CPU
	EndGlobalSection
	GlobalSection(SolutionProperties) = preSolution
		HideSolutionNode = FALSE
	EndGlobalSection
	GlobalSection(ExtensibilityGlobals) = postSolution
		SolutionGuid = {30C302E3-F03D-4AA6-99F9-433BC0F88620}
	EndGlobalSection
EndGlobal
