
Microsoft Visual Studio Solution File, Format Version 12.00
# Visual Studio 15
VisualStudioVersion = 15.0.27703.2026
MinimumVisualStudioVersion = 10.0.40219.1
Project("{FAE04EC0-301F-11D3-BF4B-00C04F79EFBC}") = "StrExs", "StrExs.csproj", "{ABE68621-FD02-4D5A-A009-2A7998A2A70D}"
EndProject
Global
	GlobalSection(SolutionConfigurationPlatforms) = preSolution
		Debug|Any CPU = Debug|Any CPU
		Release|Any CPU = Release|Any CPU
	EndGlobalSection
	GlobalSection(ProjectConfigurationPlatforms) = postSolution
		{ABE68621-FD02-4D5A-A009-2A7998A2A70D}.Debug|Any CPU.ActiveCfg = Debug|Any CPU
		{ABE68621-FD02-4D5A-A009-2A7998A2A70D}.Debug|Any CPU.Build.0 = Debug|Any CPU
		{ABE68621-FD02-4D5A-A009-2A7998A2A70D}.Release|Any CPU.ActiveCfg = Release|Any CPU
		{ABE68621-FD02-4D5A-A009-2A7998A2A70D}.Release|Any CPU.Build.0 = Release|Any CPU
	EndGlobalSection
	GlobalSection(SolutionProperties) = preSolution
		HideSolutionNode = FALSE
	EndGlobalSection
	GlobalSection(ExtensibilityGlobals) = postSolution
		SolutionGuid = {3EAD1C8F-F344-4B58-AC74-E3A9EF6B451A}
	EndGlobalSection
EndGlobal
